
Microsoft Visual Studio Solution File, Format Version 12.00
# Visual Studio Version 17
VisualStudioVersion = 17.8.34525.116
MinimumVisualStudioVersion = 10.0.40219.1
Project("{9A19103F-16F7-4668-BE54-9A1E7A4F7556}") = "BuilkyBookWeb", "BuilkyBookWeb\BuilkyBookWeb.csproj", "{527E4AE2-753A-47BB-9B9D-0022B9DBD9AF}"
EndProject
Global
	GlobalSection(SolutionConfigurationPlatforms) = preSolution
		Debug|Any CPU = Debug|Any CPU
		Release|Any CPU = Release|Any CPU
	EndGlobalSection
	GlobalSection(ProjectConfigurationPlatforms) = postSolution
		{527E4AE2-753A-47BB-9B9D-0022B9DBD9AF}.Debug|Any CPU.ActiveCfg = Debug|Any CPU
		{527E4AE2-753A-47BB-9B9D-0022B9DBD9AF}.Debug|Any CPU.Build.0 = Debug|Any CPU
		{527E4AE2-753A-47BB-9B9D-0022B9DBD9AF}.Release|Any CPU.ActiveCfg = Release|Any CPU
		{527E4AE2-753A-47BB-9B9D-0022B9DBD9AF}.Release|Any CPU.Build.0 = Release|Any CPU
	EndGlobalSection
	GlobalSection(SolutionProperties) = preSolution
		HideSolutionNode = FALSE
	EndGlobalSection
	GlobalSection(ExtensibilityGlobals) = postSolution
		SolutionGuid = {33CC5A14-A891-4411-BE74-F4D052A602B9}
	EndGlobalSection
EndGlobal
